github.com/stealthrocket-test/wzprof v0.1.0 h1:uqOdv41kLrLPofc4RrCrA/0Qgcg+fMlO7XaZ5+p9XlE=
github.com/stealthrocket-test/wzprof v0.1.0/go.mod h1:tagkTVahivLNEbBAL121aDza0/A0bnWyw5c7cMiVv0Y=
github.com/stealthrocket-test/wzprof v0.2.0 h1:2u2c7o/ZN58IyF665n/OcsMMjECS/QiY10KmASBb8YQ=
github.com/stealthrocket-test/wzprof v0.2.0/go.mod h1:tagkTVahivLNEbBAL121aDza0/A0bnWyw5c7cMiVv0Y=
github.com/stealthrocket-test/wzprof v0.3.0 h1:+ZF0rSpqaye1a0J2pEN/kFG97kDPfYDF5TEvmkTEX18=
github.com/stealthrocket-test/wzprof v0.3.0/go.mod h1:tagkTVahivLNEbBAL121aDza0/A0bnWyw5c7cMiVv0Y=
